// !$*UTF8*$!
{
	archiveVersion = 1;
	classes = {
	};
	objectVersion = 55;
	objects = {

/* Begin PBXBuildFile section */
		A500705E275B2B7A00228D8D /* LienDetailsViewController.swift in Sources */ = {isa = PBXBuildFile; fileRef = A500705D275B2B7A00228D8D /* LienDetailsViewController.swift */; };
		A5085C06277D46FA00A78D03 /* Expirations.swift in Sources */ = {isa = PBXBuildFile; fileRef = A5085C05277D46FA00A78D03 /* Expirations.swift */; };
		A5085C0B27822EE100A78D03 /* ListingsTable.swift in Sources */ = {isa = PBXBuildFile; fileRef = A5085C0A27822EE100A78D03 /* ListingsTable.swift */; };
		A5085C0D27823D4D00A78D03 /* PortfolioTable.swift in Sources */ = {isa = PBXBuildFile; fileRef = A5085C0C27823D4D00A78D03 /* PortfolioTable.swift */; };
		A5085C0F2782529A00A78D03 /* Strings.swift in Sources */ = {isa = PBXBuildFile; fileRef = A5085C0E2782529A00A78D03 /* Strings.swift */; };
		A5085C1127827EB000A78D03 /* PurchasedTable.swift in Sources */ = {isa = PBXBuildFile; fileRef = A5085C1027827EB000A78D03 /* PurchasedTable.swift */; };
		A5085C13278FB03C00A78D03 /* PortfolioPreviewViewController.swift in Sources */ = {isa = PBXBuildFile; fileRef = A5085C12278FB03C00A78D03 /* PortfolioPreviewViewController.swift */; };
		A5085C1527950CE800A78D03 /* InvestmentObjectiveOptionsViewController.swift in Sources */ = {isa = PBXBuildFile; fileRef = A5085C1427950CE800A78D03 /* InvestmentObjectiveOptionsViewController.swift */; };
		A5085C172797CABE00A78D03 /* SelectStatesViewController.swift in Sources */ = {isa = PBXBuildFile; fileRef = A5085C162797CABE00A78D03 /* SelectStatesViewController.swift */; };
		A5085C192797CD6700A78D03 /* StateTableViewCell.swift in Sources */ = {isa = PBXBuildFile; fileRef = A5085C182797CD6700A78D03 /* StateTableViewCell.swift */; };
		A5085C1B279A663500A78D03 /* TimeUntilExpirationViewController.swift in Sources */ = {isa = PBXBuildFile; fileRef = A5085C1A279A663500A78D03 /* TimeUntilExpirationViewController.swift */; };
		A509EB5A274612CE002434F2 /* LienListingCellViewModel.swift in Sources */ = {isa = PBXBuildFile; fileRef = A509EB59274612CE002434F2 /* LienListingCellViewModel.swift */; };
		A509EB5C27489F29002434F2 /* LienListingTableViewCell.swift in Sources */ = {isa = PBXBuildFile; fileRef = A509EB5B27489F29002434F2 /* LienListingTableViewCell.swift */; };
		A5439CC02738AC9B00FD189B /* AppDelegate.swift in Sources */ = {isa = PBXBuildFile; fileRef = A5439CBF2738AC9B00FD189B /* AppDelegate.swift */; };
		A5439CC22738AC9B00FD189B /* SceneDelegate.swift in Sources */ = {isa = PBXBuildFile; fileRef = A5439CC12738AC9B00FD189B /* SceneDelegate.swift */; };
		A5439CC72738AC9B00FD189B /* Main.storyboard in Resources */ = {isa = PBXBuildFile; fileRef = A5439CC52738AC9B00FD189B /* Main.storyboard */; };
		A5439CC92738AC9E00FD189B /* Assets.xcassets in Resources */ = {isa = PBXBuildFile; fileRef = A5439CC82738AC9E00FD189B /* Assets.xcassets */; };
		A5439CCC2738AC9E00FD189B /* LaunchScreen.storyboard in Resources */ = {isa = PBXBuildFile; fileRef = A5439CCA2738AC9E00FD189B /* LaunchScreen.storyboard */; };
		A57B2E73276E71A600AD062B /* LienListingsViewController.swift in Sources */ = {isa = PBXBuildFile; fileRef = A57B2E72276E71A600AD062B /* LienListingsViewController.swift */; };
		A57B2E77276E974500AD062B /* HomeTabBarController.swift in Sources */ = {isa = PBXBuildFile; fileRef = A57B2E76276E974500AD062B /* HomeTabBarController.swift */; };
		A57B2E80276EDADD00AD062B /* TaxLienListingTableViewCell.swift in Sources */ = {isa = PBXBuildFile; fileRef = A57B2E7E276EDADD00AD062B /* TaxLienListingTableViewCell.swift */; };
		A57B2E81276EDADD00AD062B /* TaxLienListingTableViewCell.xib in Resources */ = {isa = PBXBuildFile; fileRef = A57B2E7F276EDADD00AD062B /* TaxLienListingTableViewCell.xib */; };
		A582697D2778279B00B18D3C /* SelectableButtonView.swift in Sources */ = {isa = PBXBuildFile; fileRef = A582697C2778279B00B18D3C /* SelectableButtonView.swift */; };
		A582697F277827B500B18D3C /* SelectableButtonView.xib in Resources */ = {isa = PBXBuildFile; fileRef = A582697E277827B500B18D3C /* SelectableButtonView.xib */; };
		A58269812778307000B18D3C /* BuildInvestmentPortfolioViewController.swift in Sources */ = {isa = PBXBuildFile; fileRef = A58269802778307000B18D3C /* BuildInvestmentPortfolioViewController.swift */; };
		A582698327785E0800B18D3C /* HelpViewController.swift in Sources */ = {isa = PBXBuildFile; fileRef = A582698227785E0800B18D3C /* HelpViewController.swift */; };
		A58269852778DAE200B18D3C /* AccountViewController.swift in Sources */ = {isa = PBXBuildFile; fileRef = A58269842778DAE200B18D3C /* AccountViewController.swift */; };
		A5E98CCC2761242400F929A8 /* PortfolioViewController.swift in Sources */ = {isa = PBXBuildFile; fileRef = A5E98CCB2761242400F929A8 /* PortfolioViewController.swift */; };
		A5E98CCF2765299000F929A8 /* liens_data.txt in Resources */ = {isa = PBXBuildFile; fileRef = A5E98CCE2765299000F929A8 /* liens_data.txt */; };
		A5E98CD12765364400F929A8 /* TaxLien.swift in Sources */ = {isa = PBXBuildFile; fileRef = A5E98CD02765364400F929A8 /* TaxLien.swift */; };
		A5E98CD427653FE600F929A8 /* ShortStates.swift in Sources */ = {isa = PBXBuildFile; fileRef = A5E98CD327653FE600F929A8 /* ShortStates.swift */; };
		BAABB58EC8241F8C23C6E425 /* Pods_LienFund.framework in Frameworks */ = {isa = PBXBuildFile; fileRef = 92677DA01EEB99C0A0FED3E2 /* Pods_LienFund.framework */; };
/* End PBXBuildFile section */

/* Begin PBXFileReference section */
		92677DA01EEB99C0A0FED3E2 /* Pods_LienFund.framework */ = {isa = PBXFileReference; explicitFileType = wrapper.framework; includeInIndex = 0; path = Pods_LienFund.framework; sourceTree = BUILT_PRODUCTS_DIR; };
		A500705D275B2B7A00228D8D /* LienDetailsViewController.swift */ = {isa = PBXFileReference; lastKnownFileType = sourcecode.swift; path = LienDetailsViewController.swift; sourceTree = "<group>"; };
		A5085C05277D46FA00A78D03 /* Expirations.swift */ = {isa = PBXFileReference; lastKnownFileType = sourcecode.swift; path = Expirations.swift; sourceTree = "<group>"; };
		A5085C0A27822EE100A78D03 /* ListingsTable.swift */ = {isa = PBXFileReference; lastKnownFileType = sourcecode.swift; path = ListingsTable.swift; sourceTree = "<group>"; };
		A5085C0C27823D4D00A78D03 /* PortfolioTable.swift */ = {isa = PBXFileReference; lastKnownFileType = sourcecode.swift; path = PortfolioTable.swift; sourceTree = "<group>"; };
		A5085C0E2782529A00A78D03 /* Strings.swift */ = {isa = PBXFileReference; lastKnownFileType = sourcecode.swift; path = Strings.swift; sourceTree = "<group>"; };
		A5085C1027827EB000A78D03 /* PurchasedTable.swift */ = {isa = PBXFileReference; lastKnownFileType = sourcecode.swift; path = PurchasedTable.swift; sourceTree = "<group>"; };
		A5085C12278FB03C00A78D03 /* PortfolioPreviewViewController.swift */ = {isa = PBXFileReference; lastKnownFileType = sourcecode.swift; path = PortfolioPreviewViewController.swift; sourceTree = "<group>"; };
		A5085C1427950CE800A78D03 /* InvestmentObjectiveOptionsViewController.swift */ = {isa = PBXFileReference; lastKnownFileType = sourcecode.swift; path = InvestmentObjectiveOptionsViewController.swift; sourceTree = "<group>"; };
		A5085C162797CABE00A78D03 /* SelectStatesViewController.swift */ = {isa = PBXFileReference; lastKnownFileType = sourcecode.swift; path = SelectStatesViewController.swift; sourceTree = "<group>"; };
		A5085C182797CD6700A78D03 /* StateTableViewCell.swift */ = {isa = PBXFileReference; lastKnownFileType = sourcecode.swift; path = StateTableViewCell.swift; sourceTree = "<group>"; };
		A5085C1A279A663500A78D03 /* TimeUntilExpirationViewController.swift */ = {isa = PBXFileReference; lastKnownFileType = sourcecode.swift; path = TimeUntilExpirationViewController.swift; sourceTree = "<group>"; };
		A509EB59274612CE002434F2 /* LienListingCellViewModel.swift */ = {isa = PBXFileReference; lastKnownFileType = sourcecode.swift; path = LienListingCellViewModel.swift; sourceTree = "<group>"; };
		A509EB5B27489F29002434F2 /* LienListingTableViewCell.swift */ = {isa = PBXFileReference; lastKnownFileType = sourcecode.swift; path = LienListingTableViewCell.swift; sourceTree = "<group>"; };
		A5439CBC2738AC9B00FD189B /* LienFund.app */ = {isa = PBXFileReference; explicitFileType = wrapper.application; includeInIndex = 0; path = LienFund.app; sourceTree = BUILT_PRODUCTS_DIR; };
		A5439CBF2738AC9B00FD189B /* AppDelegate.swift */ = {isa = PBXFileReference; lastKnownFileType = sourcecode.swift; path = AppDelegate.swift; sourceTree = "<group>"; };
		A5439CC12738AC9B00FD189B /* SceneDelegate.swift */ = {isa = PBXFileReference; lastKnownFileType = sourcecode.swift; path = SceneDelegate.swift; sourceTree = "<group>"; };
		A5439CC62738AC9B00FD189B /* Base */ = {isa = PBXFileReference; lastKnownFileType = file.storyboard; name = Base; path = Base.lproj/Main.storyboard; sourceTree = "<group>"; };
		A5439CC82738AC9E00FD189B /* Assets.xcassets */ = {isa = PBXFileReference; lastKnownFileType = folder.assetcatalog; path = Assets.xcassets; sourceTree = "<group>"; };
		A5439CCB2738AC9E00FD189B /* Base */ = {isa = PBXFileReference; lastKnownFileType = file.storyboard; name = Base; path = Base.lproj/LaunchScreen.storyboard; sourceTree = "<group>"; };
		A5439CCD2738AC9E00FD189B /* Info.plist */ = {isa = PBXFileReference; lastKnownFileType = text.plist.xml; path = Info.plist; sourceTree = "<group>"; };
		A57B2E72276E71A600AD062B /* LienListingsViewController.swift */ = {isa = PBXFileReference; lastKnownFileType = sourcecode.swift; path = LienListingsViewController.swift; sourceTree = "<group>"; };
		A57B2E76276E974500AD062B /* HomeTabBarController.swift */ = {isa = PBXFileReference; lastKnownFileType = sourcecode.swift; path = HomeTabBarController.swift; sourceTree = "<group>"; };
		A57B2E7E276EDADD00AD062B /* TaxLienListingTableViewCell.swift */ = {isa = PBXFileReference; lastKnownFileType = sourcecode.swift; path = TaxLienListingTableViewCell.swift; sourceTree = "<group>"; };
		A57B2E7F276EDADD00AD062B /* TaxLienListingTableViewCell.xib */ = {isa = PBXFileReference; lastKnownFileType = file.xib; path = TaxLienListingTableViewCell.xib; sourceTree = "<group>"; };
		A582697C2778279B00B18D3C /* SelectableButtonView.swift */ = {isa = PBXFileReference; lastKnownFileType = sourcecode.swift; path = SelectableButtonView.swift; sourceTree = "<group>"; };
		A582697E277827B500B18D3C /* SelectableButtonView.xib */ = {isa = PBXFileReference; lastKnownFileType = file.xib; path = SelectableButtonView.xib; sourceTree = "<group>"; };
		A58269802778307000B18D3C /* BuildInvestmentPortfolioViewController.swift */ = {isa = PBXFileReference; lastKnownFileType = sourcecode.swift; path = BuildInvestmentPortfolioViewController.swift; sourceTree = "<group>"; };
		A582698227785E0800B18D3C /* HelpViewController.swift */ = {isa = PBXFileReference; lastKnownFileType = sourcecode.swift; path = HelpViewController.swift; sourceTree = "<group>"; };
		A58269842778DAE200B18D3C /* AccountViewController.swift */ = {isa = PBXFileReference; lastKnownFileType = sourcecode.swift; path = AccountViewController.swift; sourceTree = "<group>"; };
		A5E98CCB2761242400F929A8 /* PortfolioViewController.swift */ = {isa = PBXFileReference; lastKnownFileType = sourcecode.swift; path = PortfolioViewController.swift; sourceTree = "<group>"; };
		A5E98CCE2765299000F929A8 /* liens_data.txt */ = {isa = PBXFileReference; fileEncoding = 4; lastKnownFileType = text; name = liens_data.txt; path = LienFund/Data/liens_data.txt; sourceTree = SOURCE_ROOT; };
		A5E98CD02765364400F929A8 /* TaxLien.swift */ = {isa = PBXFileReference; lastKnownFileType = sourcecode.swift; path = TaxLien.swift; sourceTree = "<group>"; };
		A5E98CD327653FE600F929A8 /* ShortStates.swift */ = {isa = PBXFileReference; lastKnownFileType = sourcecode.swift; path = ShortStates.swift; sourceTree = "<group>"; };
		C8A7262DE8D230DA7EB8A8C7 /* Pods-LienFund.release.xcconfig */ = {isa = PBXFileReference; includeInIndex = 1; lastKnownFileType = text.xcconfig; name = "Pods-LienFund.release.xcconfig"; path = "Target Support Files/Pods-LienFund/Pods-LienFund.release.xcconfig"; sourceTree = "<group>"; };
		D44BD5B45AF1D64417B695AD /* Pods-LienFund.debug.xcconfig */ = {isa = PBXFileReference; includeInIndex = 1; lastKnownFileType = text.xcconfig; name = "Pods-LienFund.debug.xcconfig"; path = "Target Support Files/Pods-LienFund/Pods-LienFund.debug.xcconfig"; sourceTree = "<group>"; };
/* End PBXFileReference section */

/* Begin PBXFrameworksBuildPhase section */
		A5439CB92738AC9B00FD189B /* Frameworks */ = {
			isa = PBXFrameworksBuildPhase;
			buildActionMask = 2147483647;
			files = (
				BAABB58EC8241F8C23C6E425 /* Pods_LienFund.framework in Frameworks */,
			);
			runOnlyForDeploymentPostprocessing = 0;
		};
/* End PBXFrameworksBuildPhase section */

/* Begin PBXGroup section */
		60A1502F5C2F74B4AAFFFBF6 /* Pods */ = {
			isa = PBXGroup;
			children = (
				D44BD5B45AF1D64417B695AD /* Pods-LienFund.debug.xcconfig */,
				C8A7262DE8D230DA7EB8A8C7 /* Pods-LienFund.release.xcconfig */,
			);
			path = Pods;
			sourceTree = "<group>";
		};
		A5085C0927822EB900A78D03 /* Databases */ = {
			isa = PBXGroup;
			children = (
				A5085C0A27822EE100A78D03 /* ListingsTable.swift */,
				A5085C0C27823D4D00A78D03 /* PortfolioTable.swift */,
				A5085C1027827EB000A78D03 /* PurchasedTable.swift */,
			);
			path = Databases;
			sourceTree = "<group>";
		};
		A509EB562746112A002434F2 /* Cells */ = {
			isa = PBXGroup;
			children = (
				A509EB5B27489F29002434F2 /* LienListingTableViewCell.swift */,
				A57B2E7E276EDADD00AD062B /* TaxLienListingTableViewCell.swift */,
				A57B2E7F276EDADD00AD062B /* TaxLienListingTableViewCell.xib */,
				A5085C182797CD6700A78D03 /* StateTableViewCell.swift */,
			);
			path = Cells;
			sourceTree = "<group>";
		};
		A5439CB32738AC9B00FD189B = {
			isa = PBXGroup;
			children = (
				A5439CBE2738AC9B00FD189B /* LienFund */,
				A5439CBD2738AC9B00FD189B /* Products */,
				60A1502F5C2F74B4AAFFFBF6 /* Pods */,
				E73B0C1CF476A2BFDF2E71FE /* Frameworks */,
			);
			sourceTree = "<group>";
		};
		A5439CBD2738AC9B00FD189B /* Products */ = {
			isa = PBXGroup;
			children = (
				A5439CBC2738AC9B00FD189B /* LienFund.app */,
			);
			name = Products;
			sourceTree = "<group>";
		};
		A5439CBE2738AC9B00FD189B /* LienFund */ = {
			isa = PBXGroup;
			children = (
				A5E98CD227653FD600F929A8 /* Constants */,
				A5E98CCD2765298100F929A8 /* Data */,
				A5AACA842738CF8600969DB3 /* Models */,
				A5AACA852738CF8C00969DB3 /* Views */,
				A5AACA862738CF9200969DB3 /* Controllers */,
				A5439CBF2738AC9B00FD189B /* AppDelegate.swift */,
				A5439CC12738AC9B00FD189B /* SceneDelegate.swift */,
				A5439CC82738AC9E00FD189B /* Assets.xcassets */,
				A5439CCA2738AC9E00FD189B /* LaunchScreen.storyboard */,
				A5439CCD2738AC9E00FD189B /* Info.plist */,
			);
			path = LienFund;
			sourceTree = "<group>";
		};
		A5AACA842738CF8600969DB3 /* Models */ = {
			isa = PBXGroup;
			children = (
				A509EB562746112A002434F2 /* Cells */,
				A509EB59274612CE002434F2 /* LienListingCellViewModel.swift */,
				A5E98CD02765364400F929A8 /* TaxLien.swift */,
				A582697C2778279B00B18D3C /* SelectableButtonView.swift */,
				A582697E277827B500B18D3C /* SelectableButtonView.xib */,
			);
			path = Models;
			sourceTree = "<group>";
		};
		A5AACA852738CF8C00969DB3 /* Views */ = {
			isa = PBXGroup;
			children = (
				A5439CC52738AC9B00FD189B /* Main.storyboard */,
			);
			path = Views;
			sourceTree = "<group>";
		};
		A5AACA862738CF9200969DB3 /* Controllers */ = {
			isa = PBXGroup;
			children = (
				A500705D275B2B7A00228D8D /* LienDetailsViewController.swift */,
				A5E98CCB2761242400F929A8 /* PortfolioViewController.swift */,
				A57B2E72276E71A600AD062B /* LienListingsViewController.swift */,
				A57B2E76276E974500AD062B /* HomeTabBarController.swift */,
				A58269802778307000B18D3C /* BuildInvestmentPortfolioViewController.swift */,
				A582698227785E0800B18D3C /* HelpViewController.swift */,
				A58269842778DAE200B18D3C /* AccountViewController.swift */,
				A5085C12278FB03C00A78D03 /* PortfolioPreviewViewController.swift */,
				A5085C1427950CE800A78D03 /* InvestmentObjectiveOptionsViewController.swift */,
				A5085C162797CABE00A78D03 /* SelectStatesViewController.swift */,
				A5085C1A279A663500A78D03 /* TimeUntilExpirationViewController.swift */,
			);
			path = Controllers;
			sourceTree = "<group>";
		};
		A5E98CCD2765298100F929A8 /* Data */ = {
			isa = PBXGroup;
			children = (
				A5085C0927822EB900A78D03 /* Databases */,
				A5E98CCE2765299000F929A8 /* liens_data.txt */,
			);
			path = Data;
			sourceTree = "<group>";
		};
		A5E98CD227653FD600F929A8 /* Constants */ = {
			isa = PBXGroup;
			children = (
				A5E98CD327653FE600F929A8 /* ShortStates.swift */,
				A5085C05277D46FA00A78D03 /* Expirations.swift */,
				A5085C0E2782529A00A78D03 /* Strings.swift */,
			);
			path = Constants;
			sourceTree = "<group>";
		};
		E73B0C1CF476A2BFDF2E71FE /* Frameworks */ = {
			isa = PBXGroup;
			children = (
				92677DA01EEB99C0A0FED3E2 /* Pods_LienFund.framework */,
			);
			name = Frameworks;
			sourceTree = "<group>";
		};
/* End PBXGroup section */

/* Begin PBXNativeTarget section */
		A5439CBB2738AC9B00FD189B /* LienFund */ = {
			isa = PBXNativeTarget;
			buildConfigurationList = A5439CD02738AC9E00FD189B /* Build configuration list for PBXNativeTarget "LienFund" */;
			buildPhases = (
				DEA530E4D4918ADB8A71B686 /* [CP] Check Pods Manifest.lock */,
				A5439CB82738AC9B00FD189B /* Sources */,
				A5439CB92738AC9B00FD189B /* Frameworks */,
				A5439CBA2738AC9B00FD189B /* Resources */,
				EF9AD63846E3D76D336BEA05 /* [CP] Embed Pods Frameworks */,
			);
			buildRules = (
			);
			dependencies = (
			);
			name = LienFund;
			productName = LienFund;
			productReference = A5439CBC2738AC9B00FD189B /* LienFund.app */;
			productType = "com.apple.product-type.application";
		};
/* End PBXNativeTarget section */

/* Begin PBXProject section */
		A5439CB42738AC9B00FD189B /* Project object */ = {
			isa = PBXProject;
			attributes = {
				BuildIndependentTargetsInParallel = 1;
				LastSwiftUpdateCheck = 1310;
				LastUpgradeCheck = 1310;
				TargetAttributes = {
					A5439CBB2738AC9B00FD189B = {
						CreatedOnToolsVersion = 13.1;
					};
				};
			};
			buildConfigurationList = A5439CB72738AC9B00FD189B /* Build configuration list for PBXProject "LienFund" */;
			compatibilityVersion = "Xcode 13.0";
			developmentRegion = en;
			hasScannedForEncodings = 0;
			knownRegions = (
				en,
				Base,
			);
			mainGroup = A5439CB32738AC9B00FD189B;
			productRefGroup = A5439CBD2738AC9B00FD189B /* Products */;
			projectDirPath = "";
			projectRoot = "";
			targets = (
				A5439CBB2738AC9B00FD189B /* LienFund */,
			);
		};
/* End PBXProject section */

/* Begin PBXResourcesBuildPhase section */
		A5439CBA2738AC9B00FD189B /* Resources */ = {
			isa = PBXResourcesBuildPhase;
			buildActionMask = 2147483647;
			files = (
				A582697F277827B500B18D3C /* SelectableButtonView.xib in Resources */,
				A5E98CCF2765299000F929A8 /* liens_data.txt in Resources */,
				A5439CCC2738AC9E00FD189B /* LaunchScreen.storyboard in Resources */,
				A5439CC92738AC9E00FD189B /* Assets.xcassets in Resources */,
				A57B2E81276EDADD00AD062B /* TaxLienListingTableViewCell.xib in Resources */,
				A5439CC72738AC9B00FD189B /* Main.storyboard in Resources */,
			);
			runOnlyForDeploymentPostprocessing = 0;
		};
/* End PBXResourcesBuildPhase section */

/* Begin PBXShellScriptBuildPhase section */
		DEA530E4D4918ADB8A71B686 /* [CP] Check Pods Manifest.lock */ = {
			isa = PBXShellScriptBuildPhase;
			buildActionMask = 2147483647;
			files = (
			);
			inputFileListPaths = (
			);
			inputPaths = (
				"${PODS_PODFILE_DIR_PATH}/Podfile.lock",
				"${PODS_ROOT}/Manifest.lock",
			);
			name = "[CP] Check Pods Manifest.lock";
			outputFileListPaths = (
			);
			outputPaths = (
				"$(DERIVED_FILE_DIR)/Pods-LienFund-checkManifestLockResult.txt",
			);
			runOnlyForDeploymentPostprocessing = 0;
			shellPath = /bin/sh;
			shellScript = "diff \"${PODS_PODFILE_DIR_PATH}/Podfile.lock\" \"${PODS_ROOT}/Manifest.lock\" > /dev/null\nif [ $? != 0 ] ; then\n    # print error to STDERR\n    echo \"error: The sandbox is not in sync with the Podfile.lock. Run 'pod install' or update your CocoaPods installation.\" >&2\n    exit 1\nfi\n# This output is used by Xcode 'outputs' to avoid re-running this script phase.\necho \"SUCCESS\" > \"${SCRIPT_OUTPUT_FILE_0}\"\n";
			showEnvVarsInLog = 0;
		};
		EF9AD63846E3D76D336BEA05 /* [CP] Embed Pods Frameworks */ = {
			isa = PBXShellScriptBuildPhase;
			buildActionMask = 2147483647;
			files = (
			);
			inputFileListPaths = (
				"${PODS_ROOT}/Target Support Files/Pods-LienFund/Pods-LienFund-frameworks-${CONFIGURATION}-input-files.xcfilelist",
			);
			name = "[CP] Embed Pods Frameworks";
			outputFileListPaths = (
				"${PODS_ROOT}/Target Support Files/Pods-LienFund/Pods-LienFund-frameworks-${CONFIGURATION}-output-files.xcfilelist",
			);
			runOnlyForDeploymentPostprocessing = 0;
			shellPath = /bin/sh;
			shellScript = "\"${PODS_ROOT}/Target Support Files/Pods-LienFund/Pods-LienFund-frameworks.sh\"\n";
			showEnvVarsInLog = 0;
		};
/* End PBXShellScriptBuildPhase section */

/* Begin PBXSourcesBuildPhase section */
		A5439CB82738AC9B00FD189B /* Sources */ = {
			isa = PBXSourcesBuildPhase;
			buildActionMask = 2147483647;
			files = (
				A509EB5A274612CE002434F2 /* LienListingCellViewModel.swift in Sources */,
				A5085C0F2782529A00A78D03 /* Strings.swift in Sources */,
				A5085C13278FB03C00A78D03 /* PortfolioPreviewViewController.swift in Sources */,
				A5E98CD427653FE600F929A8 /* ShortStates.swift in Sources */,
				A5085C172797CABE00A78D03 /* SelectStatesViewController.swift in Sources */,
				A58269852778DAE200B18D3C /* AccountViewController.swift in Sources */,
				A5085C06277D46FA00A78D03 /* Expirations.swift in Sources */,
				A5085C192797CD6700A78D03 /* StateTableViewCell.swift in Sources */,
				A57B2E77276E974500AD062B /* HomeTabBarController.swift in Sources */,
				A500705E275B2B7A00228D8D /* LienDetailsViewController.swift in Sources */,
				A5085C0B27822EE100A78D03 /* ListingsTable.swift in Sources */,
				A582698327785E0800B18D3C /* HelpViewController.swift in Sources */,
				A57B2E73276E71A600AD062B /* LienListingsViewController.swift in Sources */,
				A5085C1127827EB000A78D03 /* PurchasedTable.swift in Sources */,
				A509EB5C27489F29002434F2 /* LienListingTableViewCell.swift in Sources */,
				A5085C0D27823D4D00A78D03 /* PortfolioTable.swift in Sources */,
				A5439CC02738AC9B00FD189B /* AppDelegate.swift in Sources */,
				A5E98CD12765364400F929A8 /* TaxLien.swift in Sources */,
				A5085C1B279A663500A78D03 /* TimeUntilExpirationViewController.swift in Sources */,
				A58269812778307000B18D3C /* BuildInvestmentPortfolioViewController.swift in Sources */,
				A5E98CCC2761242400F929A8 /* PortfolioViewController.swift in Sources */,
				A5085C1527950CE800A78D03 /* InvestmentObjectiveOptionsViewController.swift in Sources */,
				A57B2E80276EDADD00AD062B /* TaxLienListingTableViewCell.swift in Sources */,
				A5439CC22738AC9B00FD189B /* SceneDelegate.swift in Sources */,
				A582697D2778279B00B18D3C /* SelectableButtonView.swift in Sources */,
			);
			runOnlyForDeploymentPostprocessing = 0;
		};
/* End PBXSourcesBuildPhase section */

/* Begin PBXVariantGroup section */
		A5439CC52738AC9B00FD189B /* Main.storyboard */ = {
			isa = PBXVariantGroup;
			children = (
				A5439CC62738AC9B00FD189B /* Base */,
			);
			name = Main.storyboard;
			sourceTree = "<group>";
		};
		A5439CCA2738AC9E00FD189B /* LaunchScreen.storyboard */ = {
			isa = PBXVariantGroup;
			children = (
				A5439CCB2738AC9E00FD189B /* Base */,
			);
			name = LaunchScreen.storyboard;
			sourceTree = "<group>";
		};
/* End PBXVariantGroup section */

/* Begin XCBuildConfiguration section */
		A5439CCE2738AC9E00FD189B /* Debug */ = {
			isa = XCBuildConfiguration;
			buildSettings = {
				ALWAYS_SEARCH_USER_PATHS = NO;
				CLANG_ANALYZER_NONNULL = YES;
				CLANG_ANALYZER_NUMBER_OBJECT_CONVERSION = YES_AGGRESSIVE;
				CLANG_CXX_LANGUAGE_STANDARD = "gnu++17";
				CLANG_CXX_LIBRARY = "libc++";
				CLANG_ENABLE_MODULES = YES;
				CLANG_ENABLE_OBJC_ARC = YES;
				CLANG_ENABLE_OBJC_WEAK = YES;
				CLANG_WARN_BLOCK_CAPTURE_AUTORELEASING = YES;
				CLANG_WARN_BOOL_CONVERSION = YES;
				CLANG_WARN_COMMA = YES;
				CLANG_WARN_CONSTANT_CONVERSION = YES;
				CLANG_WARN_DEPRECATED_OBJC_IMPLEMENTATIONS = YES;
				CLANG_WARN_DIRECT_OBJC_ISA_USAGE = YES_ERROR;
				CLANG_WARN_DOCUMENTATION_COMMENTS = YES;
				CLANG_WARN_EMPTY_BODY = YES;
				CLANG_WARN_ENUM_CONVERSION = YES;
				CLANG_WARN_INFINITE_RECURSION = YES;
				CLANG_WARN_INT_CONVERSION = YES;
				CLANG_WARN_NON_LITERAL_NULL_CONVERSION = YES;
				CLANG_WARN_OBJC_IMPLICIT_RETAIN_SELF = YES;
				CLANG_WARN_OBJC_LITERAL_CONVERSION = YES;
				CLANG_WARN_OBJC_ROOT_CLASS = YES_ERROR;
				CLANG_WARN_QUOTED_INCLUDE_IN_FRAMEWORK_HEADER = YES;
				CLANG_WARN_RANGE_LOOP_ANALYSIS = YES;
				CLANG_WARN_STRICT_PROTOTYPES = YES;
				CLANG_WARN_SUSPICIOUS_MOVE = YES;
				CLANG_WARN_UNGUARDED_AVAILABILITY = YES_AGGRESSIVE;
				CLANG_WARN_UNREACHABLE_CODE = YES;
				CLANG_WARN__DUPLICATE_METHOD_MATCH = YES;
				COPY_PHASE_STRIP = NO;
				DEBUG_INFORMATION_FORMAT = dwarf;
				ENABLE_STRICT_OBJC_MSGSEND = YES;
				ENABLE_TESTABILITY = YES;
				GCC_C_LANGUAGE_STANDARD = gnu11;
				GCC_DYNAMIC_NO_PIC = NO;
				GCC_NO_COMMON_BLOCKS = YES;
				GCC_OPTIMIZATION_LEVEL = 0;
				GCC_PREPROCESSOR_DEFINITIONS = (
					"DEBUG=1",
					"$(inherited)",
				);
				GCC_WARN_64_TO_32_BIT_CONVERSION = YES;
				GCC_WARN_ABOUT_RETURN_TYPE = YES_ERROR;
				GCC_WARN_UNDECLARED_SELECTOR = YES;
				GCC_WARN_UNINITIALIZED_AUTOS = YES_AGGRESSIVE;
				GCC_WARN_UNUSED_FUNCTION = YES;
				GCC_WARN_UNUSED_VARIABLE = YES;
				IPHONEOS_DEPLOYMENT_TARGET = 15.0;
				MTL_ENABLE_DEBUG_INFO = INCLUDE_SOURCE;
				MTL_FAST_MATH = YES;
				ONLY_ACTIVE_ARCH = YES;
				SDKROOT = iphoneos;
				SWIFT_ACTIVE_COMPILATION_CONDITIONS = DEBUG;
				SWIFT_OPTIMIZATION_LEVEL = "-Onone";
			};
			name = Debug;
		};
		A5439CCF2738AC9E00FD189B /* Release */ = {
			isa = XCBuildConfiguration;
			buildSettings = {
				ALWAYS_SEARCH_USER_PATHS = NO;
				CLANG_ANALYZER_NONNULL = YES;
				CLANG_ANALYZER_NUMBER_OBJECT_CONVERSION = YES_AGGRESSIVE;
				CLANG_CXX_LANGUAGE_STANDARD = "gnu++17";
				CLANG_CXX_LIBRARY = "libc++";
				CLANG_ENABLE_MODULES = YES;
				CLANG_ENABLE_OBJC_ARC = YES;
				CLANG_ENABLE_OBJC_WEAK = YES;
				CLANG_WARN_BLOCK_CAPTURE_AUTORELEASING = YES;
				CLANG_WARN_BOOL_CONVERSION = YES;
				CLANG_WARN_COMMA = YES;
				CLANG_WARN_CONSTANT_CONVERSION = YES;
				CLANG_WARN_DEPRECATED_OBJC_IMPLEMENTATIONS = YES;
				CLANG_WARN_DIRECT_OBJC_ISA_USAGE = YES_ERROR;
				CLANG_WARN_DOCUMENTATION_COMMENTS = YES;
				CLANG_WARN_EMPTY_BODY = YES;
				CLANG_WARN_ENUM_CONVERSION = YES;
				CLANG_WARN_INFINITE_RECURSION = YES;
				CLANG_WARN_INT_CONVERSION = YES;
				CLANG_WARN_NON_LITERAL_NULL_CONVERSION = YES;
				CLANG_WARN_OBJC_IMPLICIT_RETAIN_SELF = YES;
				CLANG_WARN_OBJC_LITERAL_CONVERSION = YES;
				CLANG_WARN_OBJC_ROOT_CLASS = YES_ERROR;
				CLANG_WARN_QUOTED_INCLUDE_IN_FRAMEWORK_HEADER = YES;
				CLANG_WARN_RANGE_LOOP_ANALYSIS = YES;
				CLANG_WARN_STRICT_PROTOTYPES = YES;
				CLANG_WARN_SUSPICIOUS_MOVE = YES;
				CLANG_WARN_UNGUARDED_AVAILABILITY = YES_AGGRESSIVE;
				CLANG_WARN_UNREACHABLE_CODE = YES;
				CLANG_WARN__DUPLICATE_METHOD_MATCH = YES;
				COPY_PHASE_STRIP = NO;
				DEBUG_INFORMATION_FORMAT = "dwarf-with-dsym";
				ENABLE_NS_ASSERTIONS = NO;
				ENABLE_STRICT_OBJC_MSGSEND = YES;
				GCC_C_LANGUAGE_STANDARD = gnu11;
				GCC_NO_COMMON_BLOCKS = YES;
				GCC_WARN_64_TO_32_BIT_CONVERSION = YES;
				GCC_WARN_ABOUT_RETURN_TYPE = YES_ERROR;
				GCC_WARN_UNDECLARED_SELECTOR = YES;
				GCC_WARN_UNINITIALIZED_AUTOS = YES_AGGRESSIVE;
				GCC_WARN_UNUSED_FUNCTION = YES;
				GCC_WARN_UNUSED_VARIABLE = YES;
				IPHONEOS_DEPLOYMENT_TARGET = 15.0;
				MTL_ENABLE_DEBUG_INFO = NO;
				MTL_FAST_MATH = YES;
				SDKROOT = iphoneos;
				SWIFT_COMPILATION_MODE = wholemodule;
				SWIFT_OPTIMIZATION_LEVEL = "-O";
				VALIDATE_PRODUCT = YES;
			};
			name = Release;
		};
		A5439CD12738AC9E00FD189B /* Debug */ = {
			isa = XCBuildConfiguration;
			baseConfigurationReference = D44BD5B45AF1D64417B695AD /* Pods-LienFund.debug.xcconfig */;
			buildSettings = {
				ASSETCATALOG_COMPILER_APPICON_NAME = AppIcon;
				ASSETCATALOG_COMPILER_GLOBAL_ACCENT_COLOR_NAME = AccentColor;
				CODE_SIGN_STYLE = Automatic;
				CURRENT_PROJECT_VERSION = 1;
				DEVELOPMENT_TEAM = T7PVAD4F92;
				GENERATE_INFOPLIST_FILE = YES;
				INFOPLIST_FILE = LienFund/Info.plist;
				INFOPLIST_KEY_UIApplicationSupportsIndirectInputEvents = YES;
				INFOPLIST_KEY_UILaunchStoryboardName = LaunchScreen;
				INFOPLIST_KEY_UIMainStoryboardFile = Main;
				INFOPLIST_KEY_UISupportedInterfaceOrientations_iPad = "UIInterfaceOrientationPortrait UIInterfaceOrientationPortraitUpsideDown UIInterfaceOrientationLandscapeLeft UIInterfaceOrientationLandscapeRight";
				INFOPLIST_KEY_UISupportedInterfaceOrientations_iPhone = "UIInterfaceOrientationPortrait UIInterfaceOrientationLandscapeLeft UIInterfaceOrientationLandscapeRight";
				LD_RUNPATH_SEARCH_PATHS = (
					"$(inherited)",
					"@executable_path/Frameworks",
				);
				MARKETING_VERSION = 1.0;
				PRODUCT_BUNDLE_IDENTIFIER = com.BrandoFlores.LienFund;
				PRODUCT_NAME = "$(TARGET_NAME)";
				SWIFT_EMIT_LOC_STRINGS = YES;
				SWIFT_VERSION = 5.0;
				TARGETED_DEVICE_FAMILY = "1,2";
			};
			name = Debug;
		};
		A5439CD22738AC9E00FD189B /* Release */ = {
			isa = XCBuildConfiguration;
			baseConfigurationReference = C8A7262DE8D230DA7EB8A8C7 /* Pods-LienFund.release.xcconfig */;
			buildSettings = {
				ASSETCATALOG_COMPILER_APPICON_NAME = AppIcon;
				ASSETCATALOG_COMPILER_GLOBAL_ACCENT_COLOR_NAME = AccentColor;
				CODE_SIGN_STYLE = Automatic;
				CURRENT_PROJECT_VERSION = 1;
				DEVELOPMENT_TEAM = T7PVAD4F92;
				GENERATE_INFOPLIST_FILE = YES;
				INFOPLIST_FILE = LienFund/Info.plist;
				INFOPLIST_KEY_UIApplicationSupportsIndirectInputEvents = YES;
				INFOPLIST_KEY_UILaunchStoryboardName = LaunchScreen;
				INFOPLIST_KEY_UIMainStoryboardFile = Main;
				INFOPLIST_KEY_UISupportedInterfaceOrientations_iPad = "UIInterfaceOrientationPortrait UIInterfaceOrientationPortraitUpsideDown UIInterfaceOrientationLandscapeLeft UIInterfaceOrientationLandscapeRight";
				INFOPLIST_KEY_UISupportedInterfaceOrientations_iPhone = "UIInterfaceOrientationPortrait UIInterfaceOrientationLandscapeLeft UIInterfaceOrientationLandscapeRight";
				LD_RUNPATH_SEARCH_PATHS = (
					"$(inherited)",
					"@executable_path/Frameworks",
				);
				MARKETING_VERSION = 1.0;
				PRODUCT_BUNDLE_IDENTIFIER = com.BrandoFlores.LienFund;
				PRODUCT_NAME = "$(TARGET_NAME)";
				SWIFT_EMIT_LOC_STRINGS = YES;
				SWIFT_VERSION = 5.0;
				TARGETED_DEVICE_FAMILY = "1,2";
			};
			name = Release;
		};
/* End XCBuildConfiguration section */

/* Begin XCConfigurationList section */
		A5439CB72738AC9B00FD189B /* Build configuration list for PBXProject "LienFund" */ = {
			isa = XCConfigurationList;
			buildConfigurations = (
				A5439CCE2738AC9E00FD189B /* Debug */,
				A5439CCF2738AC9E00FD189B /* Release */,
			);
			defaultConfigurationIsVisible = 0;
			defaultConfigurationName = Release;
		};
		A5439CD02738AC9E00FD189B /* Build configuration list for PBXNativeTarget "LienFund" */ = {
			isa = XCConfigurationList;
			buildConfigurations = (
				A5439CD12738AC9E00FD189B /* Debug */,
				A5439CD22738AC9E00FD189B /* Release */,
			);
			defaultConfigurationIsVisible = 0;
			defaultConfigurationName = Release;
		};
/* End XCConfigurationList section */
	};
	rootObject = A5439CB42738AC9B00FD189B /* Project object */;
}
